// !$*UTF8*$!
{
	archiveVersion = 1;
	classes = {
	};
	objectVersion = 51;
	objects = {

/* Begin PBXBuildFile section */
		1602EE1124D1F5A800D206B6 /* LSTM_CNN_Trained.mlmodel in Sources */ = {isa = PBXBuildFile; fileRef = 1602EE1024D1F5A800D206B6 /* LSTM_CNN_Trained.mlmodel */; };
		165DD28B24CA9C9B00E2B9A4 /* ImageLoader.swift in Sources */ = {isa = PBXBuildFile; fileRef = 165DD28A24CA9C9B00E2B9A4 /* ImageLoader.swift */; };
		165DD28D24CAA0FF00E2B9A4 /* AsyncImage.swift in Sources */ = {isa = PBXBuildFile; fileRef = 165DD28C24CAA0FF00E2B9A4 /* AsyncImage.swift */; };
		16B5D15D24CF7E7A00F51B19 /* TweetResultsView.swift in Sources */ = {isa = PBXBuildFile; fileRef = 16B5D15C24CF7E7A00F51B19 /* TweetResultsView.swift */; };
		16B5D15F24CF7FB000F51B19 /* FullTwitterDisplayView.swift in Sources */ = {isa = PBXBuildFile; fileRef = 16B5D15E24CF7FB000F51B19 /* FullTwitterDisplayView.swift */; };
		16B5D16124CF88F300F51B19 /* DisplayView.swift in Sources */ = {isa = PBXBuildFile; fileRef = 16B5D16024CF88F300F51B19 /* DisplayView.swift */; };
		16B5D16624CFAC0900F51B19 /* TweetsTableView.swift in Sources */ = {isa = PBXBuildFile; fileRef = 16B5D16524CFAC0900F51B19 /* TweetsTableView.swift */; };
		16F78CED24D3D31A00C4C4CE /* CleanTweet.swift in Sources */ = {isa = PBXBuildFile; fileRef = 16F78CEC24D3D31A00C4C4CE /* CleanTweet.swift */; };
		16F9403A24BAF1A0002E6ECD /* AppDelegate.swift in Sources */ = {isa = PBXBuildFile; fileRef = 16F9403924BAF1A0002E6ECD /* AppDelegate.swift */; };
		16F9403C24BAF1A0002E6ECD /* SceneDelegate.swift in Sources */ = {isa = PBXBuildFile; fileRef = 16F9403B24BAF1A0002E6ECD /* SceneDelegate.swift */; };
		16F9403E24BAF1A0002E6ECD /* LoginView.swift in Sources */ = {isa = PBXBuildFile; fileRef = 16F9403D24BAF1A0002E6ECD /* LoginView.swift */; };
		16F9404024BAF1A3002E6ECD /* Assets.xcassets in Resources */ = {isa = PBXBuildFile; fileRef = 16F9403F24BAF1A3002E6ECD /* Assets.xcassets */; };
		16F9404324BAF1A3002E6ECD /* Preview Assets.xcassets in Resources */ = {isa = PBXBuildFile; fileRef = 16F9404224BAF1A3002E6ECD /* Preview Assets.xcassets */; };
		16F9404624BAF1A3002E6ECD /* LaunchScreen.storyboard in Resources */ = {isa = PBXBuildFile; fileRef = 16F9404424BAF1A3002E6ECD /* LaunchScreen.storyboard */; };
		16F9404E24BAF2DB002E6ECD /* TwitterService.swift in Sources */ = {isa = PBXBuildFile; fileRef = 16F9404D24BAF2DB002E6ECD /* TwitterService.swift */; };
		16F9405A24BAF808002E6ECD /* Keys.plist in Resources */ = {isa = PBXBuildFile; fileRef = 16F9405924BAF808002E6ECD /* Keys.plist */; };
		16F9405C24BAFAD8002E6ECD /* FindAPIKey.swift in Sources */ = {isa = PBXBuildFile; fileRef = 16F9405B24BAFAD8002E6ECD /* FindAPIKey.swift */; };
		16F9405E24BAFDD5002E6ECD /* CustomSafariViewController.swift in Sources */ = {isa = PBXBuildFile; fileRef = 16F9405D24BAFDD5002E6ECD /* CustomSafariViewController.swift */; };
		16FA99FF24C63C5E0082B02E /* AnalyzeUserView.swift in Sources */ = {isa = PBXBuildFile; fileRef = 16FA99FE24C63C5E0082B02E /* AnalyzeUserView.swift */; };
		89C09B57EBEF3921F089A3E4 /* Pods_TwitterDepressionAnalysis.framework in Frameworks */ = {isa = PBXBuildFile; fileRef = B10C521CE7DABBE2FAC47C7A /* Pods_TwitterDepressionAnalysis.framework */; };
/* End PBXBuildFile section */

/* Begin PBXFileReference section */
		1602EE1024D1F5A800D206B6 /* LSTM_CNN_Trained.mlmodel */ = {isa = PBXFileReference; lastKnownFileType = file.mlmodel; path = LSTM_CNN_Trained.mlmodel; sourceTree = "<group>"; };
		165DD28A24CA9C9B00E2B9A4 /* ImageLoader.swift */ = {isa = PBXFileReference; lastKnownFileType = sourcecode.swift; path = ImageLoader.swift; sourceTree = "<group>"; };
		165DD28C24CAA0FF00E2B9A4 /* AsyncImage.swift */ = {isa = PBXFileReference; lastKnownFileType = sourcecode.swift; path = AsyncImage.swift; sourceTree = "<group>"; };
		16B5D15C24CF7E7A00F51B19 /* TweetResultsView.swift */ = {isa = PBXFileReference; lastKnownFileType = sourcecode.swift; path = TweetResultsView.swift; sourceTree = "<group>"; };
		16B5D15E24CF7FB000F51B19 /* FullTwitterDisplayView.swift */ = {isa = PBXFileReference; lastKnownFileType = sourcecode.swift; path = FullTwitterDisplayView.swift; sourceTree = "<group>"; };
		16B5D16024CF88F300F51B19 /* DisplayView.swift */ = {isa = PBXFileReference; lastKnownFileType = sourcecode.swift; path = DisplayView.swift; sourceTree = "<group>"; };
		16B5D16524CFAC0900F51B19 /* TweetsTableView.swift */ = {isa = PBXFileReference; lastKnownFileType = sourcecode.swift; path = TweetsTableView.swift; sourceTree = "<group>"; };
		16F78CEC24D3D31A00C4C4CE /* CleanTweet.swift */ = {isa = PBXFileReference; lastKnownFileType = sourcecode.swift; path = CleanTweet.swift; sourceTree = "<group>"; };
		16F9403624BAF1A0002E6ECD /* TwitterDepressionAnalysis.app */ = {isa = PBXFileReference; explicitFileType = wrapper.application; includeInIndex = 0; path = TwitterDepressionAnalysis.app; sourceTree = BUILT_PRODUCTS_DIR; };
		16F9403924BAF1A0002E6ECD /* AppDelegate.swift */ = {isa = PBXFileReference; lastKnownFileType = sourcecode.swift; path = AppDelegate.swift; sourceTree = "<group>"; };
		16F9403B24BAF1A0002E6ECD /* SceneDelegate.swift */ = {isa = PBXFileReference; lastKnownFileType = sourcecode.swift; path = SceneDelegate.swift; sourceTree = "<group>"; };
		16F9403D24BAF1A0002E6ECD /* LoginView.swift */ = {isa = PBXFileReference; lastKnownFileType = sourcecode.swift; path = LoginView.swift; sourceTree = "<group>"; };
		16F9403F24BAF1A3002E6ECD /* Assets.xcassets */ = {isa = PBXFileReference; lastKnownFileType = folder.assetcatalog; path = Assets.xcassets; sourceTree = "<group>"; };
		16F9404224BAF1A3002E6ECD /* Preview Assets.xcassets */ = {isa = PBXFileReference; lastKnownFileType = folder.assetcatalog; path = "Preview Assets.xcassets"; sourceTree = "<group>"; };
		16F9404524BAF1A3002E6ECD /* Base */ = {isa = PBXFileReference; lastKnownFileType = file.storyboard; name = Base; path = Base.lproj/LaunchScreen.storyboard; sourceTree = "<group>"; };
		16F9404724BAF1A3002E6ECD /* Info.plist */ = {isa = PBXFileReference; lastKnownFileType = text.plist.xml; path = Info.plist; sourceTree = "<group>"; };
		16F9404D24BAF2DB002E6ECD /* TwitterService.swift */ = {isa = PBXFileReference; lastKnownFileType = sourcecode.swift; path = TwitterService.swift; sourceTree = "<group>"; };
		16F9405924BAF808002E6ECD /* Keys.plist */ = {isa = PBXFileReference; lastKnownFileType = text.plist.xml; path = Keys.plist; sourceTree = "<group>"; };
		16F9405B24BAFAD8002E6ECD /* FindAPIKey.swift */ = {isa = PBXFileReference; lastKnownFileType = sourcecode.swift; path = FindAPIKey.swift; sourceTree = "<group>"; };
		16F9405D24BAFDD5002E6ECD /* CustomSafariViewController.swift */ = {isa = PBXFileReference; lastKnownFileType = sourcecode.swift; path = CustomSafariViewController.swift; sourceTree = "<group>"; };
		16FA99FE24C63C5E0082B02E /* AnalyzeUserView.swift */ = {isa = PBXFileReference; lastKnownFileType = sourcecode.swift; path = AnalyzeUserView.swift; sourceTree = "<group>"; };
		70D22BDB2444129562FA7C39 /* Pods-TwitterDepressionAnalysis.debug.xcconfig */ = {isa = PBXFileReference; includeInIndex = 1; lastKnownFileType = text.xcconfig; name = "Pods-TwitterDepressionAnalysis.debug.xcconfig"; path = "Target Support Files/Pods-TwitterDepressionAnalysis/Pods-TwitterDepressionAnalysis.debug.xcconfig"; sourceTree = "<group>"; };
		B10C521CE7DABBE2FAC47C7A /* Pods_TwitterDepressionAnalysis.framework */ = {isa = PBXFileReference; explicitFileType = wrapper.framework; includeInIndex = 0; path = Pods_TwitterDepressionAnalysis.framework; sourceTree = BUILT_PRODUCTS_DIR; };
		C3B65CBE319FE366E92AAB74 /* Pods-TwitterDepressionAnalysis.release.xcconfig */ = {isa = PBXFileReference; includeInIndex = 1; lastKnownFileType = text.xcconfig; name = "Pods-TwitterDepressionAnalysis.release.xcconfig"; path = "Target Support Files/Pods-TwitterDepressionAnalysis/Pods-TwitterDepressionAnalysis.release.xcconfig"; sourceTree = "<group>"; };
/* End PBXFileReference section */

/* Begin PBXFrameworksBuildPhase section */
		16F9403324BAF1A0002E6ECD /* Frameworks */ = {
			isa = PBXFrameworksBuildPhase;
			buildActionMask = 2147483647;
			files = (
				89C09B57EBEF3921F089A3E4 /* Pods_TwitterDepressionAnalysis.framework in Frameworks */,
			);
			runOnlyForDeploymentPostprocessing = 0;
		};
/* End PBXFrameworksBuildPhase section */

/* Begin PBXGroup section */
		1623E39B24C96FF3009BEA15 /* TwiitterSetup */ = {
			isa = PBXGroup;
			children = (
				16F9405B24BAFAD8002E6ECD /* FindAPIKey.swift */,
			);
			path = TwiitterSetup;
			sourceTree = "<group>";
		};
		1623E39C24C96FFF009BEA15 /* Models */ = {
			isa = PBXGroup;
			children = (
				1602EE1024D1F5A800D206B6 /* LSTM_CNN_Trained.mlmodel */,
				16F9404D24BAF2DB002E6ECD /* TwitterService.swift */,
				16F78CEC24D3D31A00C4C4CE /* CleanTweet.swift */,
				165DD28A24CA9C9B00E2B9A4 /* ImageLoader.swift */,
				165DD28C24CAA0FF00E2B9A4 /* AsyncImage.swift */,
				16B5D16024CF88F300F51B19 /* DisplayView.swift */,
			);
			path = Models;
			sourceTree = "<group>";
		};
		16B5D16724CFADC600F51B19 /* ProcessTweets */ = {
			isa = PBXGroup;
			children = (
				16B5D16524CFAC0900F51B19 /* TweetsTableView.swift */,
				16B5D15C24CF7E7A00F51B19 /* TweetResultsView.swift */,
			);
			name = ProcessTweets;
			sourceTree = "<group>";
		};
		16B5D16824CFADDE00F51B19 /* LoginUser */ = {
			isa = PBXGroup;
			children = (
				16F9405D24BAFDD5002E6ECD /* CustomSafariViewController.swift */,
				16F9403D24BAF1A0002E6ECD /* LoginView.swift */,
				16FA99FE24C63C5E0082B02E /* AnalyzeUserView.swift */,
			);
			name = LoginUser;
			sourceTree = "<group>";
		};
		16F9402D24BAF1A0002E6ECD = {
			isa = PBXGroup;
			children = (
				16F9403824BAF1A0002E6ECD /* TwitterDepressionAnalysis */,
				16F9403724BAF1A0002E6ECD /* Products */,
				FF8A0EDA79AA29967734E211 /* Pods */,
				558F0076AA3F65A943CFEE08 /* Frameworks */,
			);
			sourceTree = "<group>";
		};
		16F9403724BAF1A0002E6ECD /* Products */ = {
			isa = PBXGroup;
			children = (
				16F9403624BAF1A0002E6ECD /* TwitterDepressionAnalysis.app */,
			);
			name = Products;
			sourceTree = "<group>";
		};
		16F9403824BAF1A0002E6ECD /* TwitterDepressionAnalysis */ = {
			isa = PBXGroup;
			children = (
				16F9405124BAF4DD002E6ECD /* Sensitive Files */,
				16F9405424BAF578002E6ECD /* Controllers */,
				1623E39C24C96FFF009BEA15 /* Models */,
				16F9405524BAF588002E6ECD /* UIViews */,
				16F9403F24BAF1A3002E6ECD /* Assets.xcassets */,
				16F9405624BAF594002E6ECD /* Supporting Files */,
				16F9404124BAF1A3002E6ECD /* Preview Content */,
			);
			path = TwitterDepressionAnalysis;
			sourceTree = "<group>";
		};
		16F9404124BAF1A3002E6ECD /* Preview Content */ = {
			isa = PBXGroup;
			children = (
				16F9404224BAF1A3002E6ECD /* Preview Assets.xcassets */,
			);
			path = "Preview Content";
			sourceTree = "<group>";
		};
		16F9405124BAF4DD002E6ECD /* Sensitive Files */ = {
			isa = PBXGroup;
			children = (
				16F9405924BAF808002E6ECD /* Keys.plist */,
			);
			path = "Sensitive Files";
			sourceTree = "<group>";
		};
		16F9405424BAF578002E6ECD /* Controllers */ = {
			isa = PBXGroup;
			children = (
				16F9403924BAF1A0002E6ECD /* AppDelegate.swift */,
				16F9403B24BAF1A0002E6ECD /* SceneDelegate.swift */,
			);
			path = Controllers;
			sourceTree = "<group>";
		};
		16F9405524BAF588002E6ECD /* UIViews */ = {
			isa = PBXGroup;
			children = (
				16B5D16824CFADDE00F51B19 /* LoginUser */,
				16B5D16724CFADC600F51B19 /* ProcessTweets */,
				16B5D15E24CF7FB000F51B19 /* FullTwitterDisplayView.swift */,
			);
			path = UIViews;
			sourceTree = "<group>";
		};
		16F9405624BAF594002E6ECD /* Supporting Files */ = {
			isa = PBXGroup;
			children = (
				1623E39B24C96FF3009BEA15 /* TwiitterSetup */,
				16F9404424BAF1A3002E6ECD /* LaunchScreen.storyboard */,
				16F9404724BAF1A3002E6ECD /* Info.plist */,
			);
			path = "Supporting Files";
			sourceTree = "<group>";
		};
		558F0076AA3F65A943CFEE08 /* Frameworks */ = {
			isa = PBXGroup;
			children = (
				B10C521CE7DABBE2FAC47C7A /* Pods_TwitterDepressionAnalysis.framework */,
			);
			name = Frameworks;
			sourceTree = "<group>";
		};
		FF8A0EDA79AA29967734E211 /* Pods */ = {
			isa = PBXGroup;
			children = (
				70D22BDB2444129562FA7C39 /* Pods-TwitterDepressionAnalysis.debug.xcconfig */,
				C3B65CBE319FE366E92AAB74 /* Pods-TwitterDepressionAnalysis.release.xcconfig */,
			);
			path = Pods;
			sourceTree = "<group>";
		};
/* End PBXGroup section */

/* Begin PBXNativeTarget section */
		16F9403524BAF1A0002E6ECD /* TwitterDepressionAnalysis */ = {
			isa = PBXNativeTarget;
			buildConfigurationList = 16F9404A24BAF1A3002E6ECD /* Build configuration list for PBXNativeTarget "TwitterDepressionAnalysis" */;
			buildPhases = (
				86142DA0DFDACC492F6C542B /* [CP] Check Pods Manifest.lock */,
				16F9403224BAF1A0002E6ECD /* Sources */,
				16F9403324BAF1A0002E6ECD /* Frameworks */,
				16F9403424BAF1A0002E6ECD /* Resources */,
				81FDE8EA3374897A4344F6FB /* [CP] Embed Pods Frameworks */,
				636C2D947CE38B407C285B50 /* [CP] Copy Pods Resources */,
			);
			buildRules = (
			);
			dependencies = (
			);
			name = TwitterDepressionAnalysis;
			productName = TwitterDepressionAnalysis;
			productReference = 16F9403624BAF1A0002E6ECD /* TwitterDepressionAnalysis.app */;
			productType = "com.apple.product-type.application";
		};
/* End PBXNativeTarget section */

/* Begin PBXProject section */
		16F9402E24BAF1A0002E6ECD /* Project object */ = {
			isa = PBXProject;
			attributes = {
				LastSwiftUpdateCheck = 1150;
				LastUpgradeCheck = 1150;
				ORGANIZATIONNAME = "Ashley Raigosa";
				TargetAttributes = {
					16F9403524BAF1A0002E6ECD = {
						CreatedOnToolsVersion = 11.5;
					};
				};
			};
			buildConfigurationList = 16F9403124BAF1A0002E6ECD /* Build configuration list for PBXProject "TwitterDepressionAnalysis" */;
			compatibilityVersion = "Xcode 9.3";
			developmentRegion = en;
			hasScannedForEncodings = 0;
			knownRegions = (
				en,
				Base,
			);
			mainGroup = 16F9402D24BAF1A0002E6ECD;
			productRefGroup = 16F9403724BAF1A0002E6ECD /* Products */;
			projectDirPath = "";
			projectRoot = "";
			targets = (
				16F9403524BAF1A0002E6ECD /* TwitterDepressionAnalysis */,
			);
		};
/* End PBXProject section */

/* Begin PBXResourcesBuildPhase section */
		16F9403424BAF1A0002E6ECD /* Resources */ = {
			isa = PBXResourcesBuildPhase;
			buildActionMask = 2147483647;
			files = (
				16F9405A24BAF808002E6ECD /* Keys.plist in Resources */,
				16F9404624BAF1A3002E6ECD /* LaunchScreen.storyboard in Resources */,
				16F9404324BAF1A3002E6ECD /* Preview Assets.xcassets in Resources */,
				16F9404024BAF1A3002E6ECD /* Assets.xcassets in Resources */,
			);
			runOnlyForDeploymentPostprocessing = 0;
		};
/* End PBXResourcesBuildPhase section */

/* Begin PBXShellScriptBuildPhase section */
		636C2D947CE38B407C285B50 /* [CP] Copy Pods Resources */ = {
			isa = PBXShellScriptBuildPhase;
			buildActionMask = 2147483647;
			files = (
			);
			inputFileListPaths = (
				"${PODS_ROOT}/Target Support Files/Pods-TwitterDepressionAnalysis/Pods-TwitterDepressionAnalysis-resources-${CONFIGURATION}-input-files.xcfilelist",
			);
			name = "[CP] Copy Pods Resources";
			outputFileListPaths = (
				"${PODS_ROOT}/Target Support Files/Pods-TwitterDepressionAnalysis/Pods-TwitterDepressionAnalysis-resources-${CONFIGURATION}-output-files.xcfilelist",
			);
			runOnlyForDeploymentPostprocessing = 0;
			shellPath = /bin/sh;
			shellScript = "\"${PODS_ROOT}/Target Support Files/Pods-TwitterDepressionAnalysis/Pods-TwitterDepressionAnalysis-resources.sh\"\n";
			showEnvVarsInLog = 0;
		};
		81FDE8EA3374897A4344F6FB /* [CP] Embed Pods Frameworks */ = {
			isa = PBXShellScriptBuildPhase;
			buildActionMask = 2147483647;
			files = (
			);
			inputFileListPaths = (
				"${PODS_ROOT}/Target Support Files/Pods-TwitterDepressionAnalysis/Pods-TwitterDepressionAnalysis-frameworks-${CONFIGURATION}-input-files.xcfilelist",
			);
			name = "[CP] Embed Pods Frameworks";
			outputFileListPaths = (
				"${PODS_ROOT}/Target Support Files/Pods-TwitterDepressionAnalysis/Pods-TwitterDepressionAnalysis-frameworks-${CONFIGURATION}-output-files.xcfilelist",
			);
			runOnlyForDeploymentPostprocessing = 0;
			shellPath = /bin/sh;
			shellScript = "\"${PODS_ROOT}/Target Support Files/Pods-TwitterDepressionAnalysis/Pods-TwitterDepressionAnalysis-frameworks.sh\"\n";
			showEnvVarsInLog = 0;
		};
		86142DA0DFDACC492F6C542B /* [CP] Check Pods Manifest.lock */ = {
			isa = PBXShellScriptBuildPhase;
			buildActionMask = 2147483647;
			files = (
			);
			inputFileListPaths = (
			);
			inputPaths = (
				"${PODS_PODFILE_DIR_PATH}/Podfile.lock",
				"${PODS_ROOT}/Manifest.lock",
			);
			name = "[CP] Check Pods Manifest.lock";
			outputFileListPaths = (
			);
			outputPaths = (
				"$(DERIVED_FILE_DIR)/Pods-TwitterDepressionAnalysis-checkManifestLockResult.txt",
			);
			runOnlyForDeploymentPostprocessing = 0;
			shellPath = /bin/sh;
			shellScript = "diff \"${PODS_PODFILE_DIR_PATH}/Podfile.lock\" \"${PODS_ROOT}/Manifest.lock\" > /dev/null\nif [ $? != 0 ] ; then\n    # print error to STDERR\n    echo \"error: The sandbox is not in sync with the Podfile.lock. Run 'pod install' or update your CocoaPods installation.\" >&2\n    exit 1\nfi\n# This output is used by Xcode 'outputs' to avoid re-running this script phase.\necho \"SUCCESS\" > \"${SCRIPT_OUTPUT_FILE_0}\"\n";
			showEnvVarsInLog = 0;
		};
/* End PBXShellScriptBuildPhase section */

/* Begin PBXSourcesBuildPhase section */
		16F9403224BAF1A0002E6ECD /* Sources */ = {
			isa = PBXSourcesBuildPhase;
			buildActionMask = 2147483647;
			files = (
				16F9403A24BAF1A0002E6ECD /* AppDelegate.swift in Sources */,
				16B5D15F24CF7FB000F51B19 /* FullTwitterDisplayView.swift in Sources */,
				16B5D15D24CF7E7A00F51B19 /* TweetResultsView.swift in Sources */,
				165DD28D24CAA0FF00E2B9A4 /* AsyncImage.swift in Sources */,
				16F9403C24BAF1A0002E6ECD /* SceneDelegate.swift in Sources */,
				16B5D16624CFAC0900F51B19 /* TweetsTableView.swift in Sources */,
				16F9405E24BAFDD5002E6ECD /* CustomSafariViewController.swift in Sources */,
				16F78CED24D3D31A00C4C4CE /* CleanTweet.swift in Sources */,
				16F9403E24BAF1A0002E6ECD /* LoginView.swift in Sources */,
				16F9405C24BAFAD8002E6ECD /* FindAPIKey.swift in Sources */,
				16FA99FF24C63C5E0082B02E /* AnalyzeUserView.swift in Sources */,
				1602EE1124D1F5A800D206B6 /* LSTM_CNN_Trained.mlmodel in Sources */,
				16B5D16124CF88F300F51B19 /* DisplayView.swift in Sources */,
				165DD28B24CA9C9B00E2B9A4 /* ImageLoader.swift in Sources */,
				16F9404E24BAF2DB002E6ECD /* TwitterService.swift in Sources */,
			);
			runOnlyForDeploymentPostprocessing = 0;
		};
/* End PBXSourcesBuildPhase section */

/* Begin PBXVariantGroup section */
		16F9404424BAF1A3002E6ECD /* LaunchScreen.storyboard */ = {
			isa = PBXVariantGroup;
			children = (
				16F9404524BAF1A3002E6ECD /* Base */,
			);
			name = LaunchScreen.storyboard;
			sourceTree = "<group>";
		};
/* End PBXVariantGroup section */

/* Begin XCBuildConfiguration section */
		16F9404824BAF1A3002E6ECD /* Debug */ = {
			isa = XCBuildConfiguration;
			buildSettings = {
				ALWAYS_SEARCH_USER_PATHS = NO;
				CLANG_ANALYZER_NONNULL = YES;
				CLANG_ANALYZER_NUMBER_OBJECT_CONVERSION = YES_AGGRESSIVE;
				CLANG_CXX_LANGUAGE_STANDARD = "gnu++14";
				CLANG_CXX_LIBRARY = "libc++";
				CLANG_ENABLE_MODULES = YES;
				CLANG_ENABLE_OBJC_ARC = YES;
				CLANG_ENABLE_OBJC_WEAK = YES;
				CLANG_WARN_BLOCK_CAPTURE_AUTORELEASING = YES;
				CLANG_WARN_BOOL_CONVERSION = YES;
				CLANG_WARN_COMMA = YES;
				CLANG_WARN_CONSTANT_CONVERSION = YES;
				CLANG_WARN_DEPRECATED_OBJC_IMPLEMENTATIONS = YES;
				CLANG_WARN_DIRECT_OBJC_ISA_USAGE = YES_ERROR;
				CLANG_WARN_DOCUMENTATION_COMMENTS = YES;
				CLANG_WARN_EMPTY_BODY = YES;
				CLANG_WARN_ENUM_CONVERSION = YES;
				CLANG_WARN_INFINITE_RECURSION = YES;
				CLANG_WARN_INT_CONVERSION = YES;
				CLANG_WARN_NON_LITERAL_NULL_CONVERSION = YES;
				CLANG_WARN_OBJC_IMPLICIT_RETAIN_SELF = YES;
				CLANG_WARN_OBJC_LITERAL_CONVERSION = YES;
				CLANG_WARN_OBJC_ROOT_CLASS = YES_ERROR;
				CLANG_WARN_RANGE_LOOP_ANALYSIS = YES;
				CLANG_WARN_STRICT_PROTOTYPES = YES;
				CLANG_WARN_SUSPICIOUS_MOVE = YES;
				CLANG_WARN_UNGUARDED_AVAILABILITY = YES_AGGRESSIVE;
				CLANG_WARN_UNREACHABLE_CODE = YES;
				CLANG_WARN__DUPLICATE_METHOD_MATCH = YES;
				COPY_PHASE_STRIP = NO;
				DEBUG_INFORMATION_FORMAT = dwarf;
				ENABLE_STRICT_OBJC_MSGSEND = YES;
				ENABLE_TESTABILITY = YES;
				GCC_C_LANGUAGE_STANDARD = gnu11;
				GCC_DYNAMIC_NO_PIC = NO;
				GCC_NO_COMMON_BLOCKS = YES;
				GCC_OPTIMIZATION_LEVEL = 0;
				GCC_PREPROCESSOR_DEFINITIONS = (
					"DEBUG=1",
					"$(inherited)",
				);
				GCC_WARN_64_TO_32_BIT_CONVERSION = YES;
				GCC_WARN_ABOUT_RETURN_TYPE = YES_ERROR;
				GCC_WARN_UNDECLARED_SELECTOR = YES;
				GCC_WARN_UNINITIALIZED_AUTOS = YES_AGGRESSIVE;
				GCC_WARN_UNUSED_FUNCTION = YES;
				GCC_WARN_UNUSED_VARIABLE = YES;
				IPHONEOS_DEPLOYMENT_TARGET = 13.5;
				MTL_ENABLE_DEBUG_INFO = INCLUDE_SOURCE;
				MTL_FAST_MATH = YES;
				ONLY_ACTIVE_ARCH = YES;
				SDKROOT = iphoneos;
				SWIFT_ACTIVE_COMPILATION_CONDITIONS = DEBUG;
				SWIFT_OPTIMIZATION_LEVEL = "-Onone";
			};
			name = Debug;
		};
		16F9404924BAF1A3002E6ECD /* Release */ = {
			isa = XCBuildConfiguration;
			buildSettings = {
				ALWAYS_SEARCH_USER_PATHS = NO;
				CLANG_ANALYZER_NONNULL = YES;
				CLANG_ANALYZER_NUMBER_OBJECT_CONVERSION = YES_AGGRESSIVE;
				CLANG_CXX_LANGUAGE_STANDARD = "gnu++14";
				CLANG_CXX_LIBRARY = "libc++";
				CLANG_ENABLE_MODULES = YES;
				CLANG_ENABLE_OBJC_ARC = YES;
				CLANG_ENABLE_OBJC_WEAK = YES;
				CLANG_WARN_BLOCK_CAPTURE_AUTORELEASING = YES;
				CLANG_WARN_BOOL_CONVERSION = YES;
				CLANG_WARN_COMMA = YES;
				CLANG_WARN_CONSTANT_CONVERSION = YES;
				CLANG_WARN_DEPRECATED_OBJC_IMPLEMENTATIONS = YES;
				CLANG_WARN_DIRECT_OBJC_ISA_USAGE = YES_ERROR;
				CLANG_WARN_DOCUMENTATION_COMMENTS = YES;
				CLANG_WARN_EMPTY_BODY = YES;
				CLANG_WARN_ENUM_CONVERSION = YES;
				CLANG_WARN_INFINITE_RECURSION = YES;
				CLANG_WARN_INT_CONVERSION = YES;
				CLANG_WARN_NON_LITERAL_NULL_CONVERSION = YES;
				CLANG_WARN_OBJC_IMPLICIT_RETAIN_SELF = YES;
				CLANG_WARN_OBJC_LITERAL_CONVERSION = YES;
				CLANG_WARN_OBJC_ROOT_CLASS = YES_ERROR;
				CLANG_WARN_RANGE_LOOP_ANALYSIS = YES;
				CLANG_WARN_STRICT_PROTOTYPES = YES;
				CLANG_WARN_SUSPICIOUS_MOVE = YES;
				CLANG_WARN_UNGUARDED_AVAILABILITY = YES_AGGRESSIVE;
				CLANG_WARN_UNREACHABLE_CODE = YES;
				CLANG_WARN__DUPLICATE_METHOD_MATCH = YES;
				COPY_PHASE_STRIP = NO;
				DEBUG_INFORMATION_FORMAT = "dwarf-with-dsym";
				ENABLE_NS_ASSERTIONS = NO;
				ENABLE_STRICT_OBJC_MSGSEND = YES;
				GCC_C_LANGUAGE_STANDARD = gnu11;
				GCC_NO_COMMON_BLOCKS = YES;
				GCC_WARN_64_TO_32_BIT_CONVERSION = YES;
				GCC_WARN_ABOUT_RETURN_TYPE = YES_ERROR;
				GCC_WARN_UNDECLARED_SELECTOR = YES;
				GCC_WARN_UNINITIALIZED_AUTOS = YES_AGGRESSIVE;
				GCC_WARN_UNUSED_FUNCTION = YES;
				GCC_WARN_UNUSED_VARIABLE = YES;
				IPHONEOS_DEPLOYMENT_TARGET = 13.5;
				MTL_ENABLE_DEBUG_INFO = NO;
				MTL_FAST_MATH = YES;
				SDKROOT = iphoneos;
				SWIFT_COMPILATION_MODE = wholemodule;
				SWIFT_OPTIMIZATION_LEVEL = "-O";
				VALIDATE_PRODUCT = YES;
			};
			name = Release;
		};
		16F9404B24BAF1A3002E6ECD /* Debug */ = {
			isa = XCBuildConfiguration;
			baseConfigurationReference = 70D22BDB2444129562FA7C39 /* Pods-TwitterDepressionAnalysis.debug.xcconfig */;
			buildSettings = {
				ASSETCATALOG_COMPILER_APPICON_NAME = AppIcon;
				CODE_SIGN_STYLE = Automatic;
				DEVELOPMENT_ASSET_PATHS = "\"TwitterDepressionAnalysis/Preview Content\"";
				DEVELOPMENT_TEAM = 3ZVXV95L56;
				ENABLE_PREVIEWS = YES;
				INFOPLIST_FILE = "TwitterDepressionAnalysis/Supporting Files/Info.plist";
				LD_RUNPATH_SEARCH_PATHS = (
					"$(inherited)",
					"@executable_path/Frameworks",
				);
				PRODUCT_BUNDLE_IDENTIFIER = com.AshleyRaigosa.TwitterDepressionAnalysis;
				PRODUCT_NAME = "$(TARGET_NAME)";
				SWIFT_VERSION = 5.0;
				TARGETED_DEVICE_FAMILY = "1,2";
			};
			name = Debug;
		};
		16F9404C24BAF1A3002E6ECD /* Release */ = {
			isa = XCBuildConfiguration;
			baseConfigurationReference = C3B65CBE319FE366E92AAB74 /* Pods-TwitterDepressionAnalysis.release.xcconfig */;
			buildSettings = {
				ASSETCATALOG_COMPILER_APPICON_NAME = AppIcon;
				CODE_SIGN_STYLE = Automatic;
				DEVELOPMENT_ASSET_PATHS = "\"TwitterDepressionAnalysis/Preview Content\"";
				DEVELOPMENT_TEAM = 3ZVXV95L56;
				ENABLE_PREVIEWS = YES;
				INFOPLIST_FILE = "TwitterDepressionAnalysis/Supporting Files/Info.plist";
				LD_RUNPATH_SEARCH_PATHS = (
					"$(inherited)",
					"@executable_path/Frameworks",
				);
				PRODUCT_BUNDLE_IDENTIFIER = com.AshleyRaigosa.TwitterDepressionAnalysis;
				PRODUCT_NAME = "$(TARGET_NAME)";
				SWIFT_VERSION = 5.0;
				TARGETED_DEVICE_FAMILY = "1,2";
			};
			name = Release;
		};
/* End XCBuildConfiguration section */

/* Begin XCConfigurationList section */
		16F9403124BAF1A0002E6ECD /* Build configuration list for PBXProject "TwitterDepressionAnalysis" */ = {
			isa = XCConfigurationList;
			buildConfigurations = (
				16F9404824BAF1A3002E6ECD /* Debug */,
				16F9404924BAF1A3002E6ECD /* Release */,
			);
			defaultConfigurationIsVisible = 0;
			defaultConfigurationName = Release;
		};
		16F9404A24BAF1A3002E6ECD /* Build configuration list for PBXNativeTarget "TwitterDepressionAnalysis" */ = {
			isa = XCConfigurationList;
			buildConfigurations = (
				16F9404B24BAF1A3002E6ECD /* Debug */,
				16F9404C24BAF1A3002E6ECD /* Release */,
			);
			defaultConfigurationIsVisible = 0;
			defaultConfigurationName = Release;
		};
/* End XCConfigurationList section */
	};
	rootObject = 16F9402E24BAF1A0002E6ECD /* Project object */;
}
